
Microsoft Visual Studio Solution File, Format Version 12.00
# Visual Studio Version 17
VisualStudioVersion = 17.8.34330.188
MinimumVisualStudioVersion = 10.0.40219.1
Project("{FAE04EC0-301F-11D3-BF4B-00C04F79EFBC}") = "ControllerExample", "ControllerExample.csproj", "{F5AC9EC2-7351-4173-93FF-2393D96C3768}"
EndProject
Global
	GlobalSection(SolutionConfigurationPlatforms) = preSolution
		Debug|Any CPU = Debug|Any CPU
		Release|Any CPU = Release|Any CPU
	EndGlobalSection
	GlobalSection(ProjectConfigurationPlatforms) = postSolution
		{F5AC9EC2-7351-4173-93FF-2393D96C3768}.Debug|Any CPU.ActiveCfg = Debug|Any CPU
		{F5AC9EC2-7351-4173-93FF-2393D96C3768}.Debug|Any CPU.Build.0 = Debug|Any CPU
		{F5AC9EC2-7351-4173-93FF-2393D96C3768}.Release|Any CPU.ActiveCfg = Release|Any CPU
		{F5AC9EC2-7351-4173-93FF-2393D96C3768}.Release|Any CPU.Build.0 = Release|Any CPU
	EndGlobalSection
	GlobalSection(SolutionProperties) = preSolution
		HideSolutionNode = FALSE
	EndGlobalSection
	GlobalSection(ExtensibilityGlobals) = postSolution
		SolutionGuid = {92EA47F5-8374-4DEC-9507-C17DC8B28798}
	EndGlobalSection
EndGlobal
