
Microsoft Visual Studio Solution File, Format Version 12.00
# Visual Studio Version 17
VisualStudioVersion = 17.8.34330.188
MinimumVisualStudioVersion = 10.0.40219.1
Project("{FAE04EC0-301F-11D3-BF4B-00C04F79EFBC}") = "StocksApp", "StocksApp.csproj", "{60612989-7D7E-4928-A28B-55FF2B92D8A7}"
EndProject
Global
	GlobalSection(SolutionConfigurationPlatforms) = preSolution
		Debug|Any CPU = Debug|Any CPU
		Release|Any CPU = Release|Any CPU
	EndGlobalSection
	GlobalSection(ProjectConfigurationPlatforms) = postSolution
		{60612989-7D7E-4928-A28B-55FF2B92D8A7}.Debug|Any CPU.ActiveCfg = Debug|Any CPU
		{60612989-7D7E-4928-A28B-55FF2B92D8A7}.Debug|Any CPU.Build.0 = Debug|Any CPU
		{60612989-7D7E-4928-A28B-55FF2B92D8A7}.Release|Any CPU.ActiveCfg = Release|Any CPU
		{60612989-7D7E-4928-A28B-55FF2B92D8A7}.Release|Any CPU.Build.0 = Release|Any CPU
	EndGlobalSection
	GlobalSection(SolutionProperties) = preSolution
		HideSolutionNode = FALSE
	EndGlobalSection
	GlobalSection(ExtensibilityGlobals) = postSolution
		SolutionGuid = {582E60B0-9EFC-49C3-A2CC-241F9A3385F5}
	EndGlobalSection
EndGlobal
